
Microsoft Visual Studio Solution File, Format Version 12.00
# Visual Studio Version 16
Project("{FAE04EC0-301F-11D3-BF4B-00C04F79EFBC}") = "Day01", "Day01\Day01.csproj", "{48BF6E16-A8EB-4C97-B2E6-E1A3FC9AEC61}"
EndProject
Project("{FAE04EC0-301F-11D3-BF4B-00C04F79EFBC}") = "Day02", "Day02\Day02.csproj", "{85340E28-49E3-4B30-AE9E-0B74002A9B5A}"
EndProject
Project("{FAE04EC0-301F-11D3-BF4B-00C04F79EFBC}") = "Day03", "Day03\Day03.csproj", "{A2DA42EE-8B7C-4627-908A-3422C1279EC8}"
EndProject
Project("{FAE04EC0-301F-11D3-BF4B-00C04F79EFBC}") = "Day04", "Day04\Day04.csproj", "{F8CA7C14-5672-44DC-872F-2B037454265B}"
EndProject
Project("{FAE04EC0-301F-11D3-BF4B-00C04F79EFBC}") = "Day05", "Day05\Day05.csproj", "{DC6B3914-6771-45B7-80B7-0D95CEC10804}"
EndProject
Project("{FAE04EC0-301F-11D3-BF4B-00C04F79EFBC}") = "Day06", "Day06\Day06.csproj", "{17569F33-A7DC-4F83-819D-9FB73BE58CA4}"
EndProject
Project("{FAE04EC0-301F-11D3-BF4B-00C04F79EFBC}") = "Day07", "Day07\Day07.csproj", "{FE193979-406F-4893-BBBC-116CD6280742}"
EndProject
Project("{FAE04EC0-301F-11D3-BF4B-00C04F79EFBC}") = "Day08", "Day08\Day08.csproj", "{9FF0AF2A-6949-46D9-8C6F-BCBCCE5EDF2A}"
EndProject
Project("{FAE04EC0-301F-11D3-BF4B-00C04F79EFBC}") = "Day09", "Day09\Day09.csproj", "{E001E6B1-CCB4-4910-8F1F-D45C7AD25694}"
EndProject
Project("{FAE04EC0-301F-11D3-BF4B-00C04F79EFBC}") = "Common", "Common\Common.csproj", "{A083F9AE-D61E-4A09-9A09-AC006AD21FFA}"
EndProject
Project("{FAE04EC0-301F-11D3-BF4B-00C04F79EFBC}") = "Day10", "Day10\Day10.csproj", "{1A709EFC-9184-409B-AC2A-AFD381F408DA}"
EndProject
Project("{FAE04EC0-301F-11D3-BF4B-00C04F79EFBC}") = "Day11", "Day11\Day11.csproj", "{DEE031D0-DE5F-4345-846E-6FF3D8D78637}"
EndProject
Project("{FAE04EC0-301F-11D3-BF4B-00C04F79EFBC}") = "Day12", "Day12\Day12.csproj", "{EAACD911-5BEF-44DC-92CD-DC768F7317EE}"
EndProject
Project("{FAE04EC0-301F-11D3-BF4B-00C04F79EFBC}") = "Day14", "Day14\Day14.csproj", "{1620531A-D4FC-4652-A1B6-056F9ED32B69}"
EndProject
Global
	GlobalSection(SolutionConfigurationPlatforms) = preSolution
		Debug|Any CPU = Debug|Any CPU
		Release|Any CPU = Release|Any CPU
	EndGlobalSection
	GlobalSection(ProjectConfigurationPlatforms) = postSolution
		{48BF6E16-A8EB-4C97-B2E6-E1A3FC9AEC61}.Debug|Any CPU.ActiveCfg = Debug|Any CPU
		{48BF6E16-A8EB-4C97-B2E6-E1A3FC9AEC61}.Debug|Any CPU.Build.0 = Debug|Any CPU
		{48BF6E16-A8EB-4C97-B2E6-E1A3FC9AEC61}.Release|Any CPU.ActiveCfg = Release|Any CPU
		{48BF6E16-A8EB-4C97-B2E6-E1A3FC9AEC61}.Release|Any CPU.Build.0 = Release|Any CPU
		{85340E28-49E3-4B30-AE9E-0B74002A9B5A}.Debug|Any CPU.ActiveCfg = Debug|Any CPU
		{85340E28-49E3-4B30-AE9E-0B74002A9B5A}.Debug|Any CPU.Build.0 = Debug|Any CPU
		{85340E28-49E3-4B30-AE9E-0B74002A9B5A}.Release|Any CPU.ActiveCfg = Release|Any CPU
		{85340E28-49E3-4B30-AE9E-0B74002A9B5A}.Release|Any CPU.Build.0 = Release|Any CPU
		{A2DA42EE-8B7C-4627-908A-3422C1279EC8}.Debug|Any CPU.ActiveCfg = Debug|Any CPU
		{A2DA42EE-8B7C-4627-908A-3422C1279EC8}.Debug|Any CPU.Build.0 = Debug|Any CPU
		{A2DA42EE-8B7C-4627-908A-3422C1279EC8}.Release|Any CPU.ActiveCfg = Release|Any CPU
		{A2DA42EE-8B7C-4627-908A-3422C1279EC8}.Release|Any CPU.Build.0 = Release|Any CPU
		{F8CA7C14-5672-44DC-872F-2B037454265B}.Debug|Any CPU.ActiveCfg = Debug|Any CPU
		{F8CA7C14-5672-44DC-872F-2B037454265B}.Debug|Any CPU.Build.0 = Debug|Any CPU
		{F8CA7C14-5672-44DC-872F-2B037454265B}.Release|Any CPU.ActiveCfg = Release|Any CPU
		{F8CA7C14-5672-44DC-872F-2B037454265B}.Release|Any CPU.Build.0 = Release|Any CPU
		{DC6B3914-6771-45B7-80B7-0D95CEC10804}.Debug|Any CPU.ActiveCfg = Debug|Any CPU
		{DC6B3914-6771-45B7-80B7-0D95CEC10804}.Debug|Any CPU.Build.0 = Debug|Any CPU
		{DC6B3914-6771-45B7-80B7-0D95CEC10804}.Release|Any CPU.ActiveCfg = Release|Any CPU
		{DC6B3914-6771-45B7-80B7-0D95CEC10804}.Release|Any CPU.Build.0 = Release|Any CPU
		{17569F33-A7DC-4F83-819D-9FB73BE58CA4}.Debug|Any CPU.ActiveCfg = Debug|Any CPU
		{17569F33-A7DC-4F83-819D-9FB73BE58CA4}.Debug|Any CPU.Build.0 = Debug|Any CPU
		{17569F33-A7DC-4F83-819D-9FB73BE58CA4}.Release|Any CPU.ActiveCfg = Release|Any CPU
		{17569F33-A7DC-4F83-819D-9FB73BE58CA4}.Release|Any CPU.Build.0 = Release|Any CPU
		{FE193979-406F-4893-BBBC-116CD6280742}.Debug|Any CPU.ActiveCfg = Debug|Any CPU
		{FE193979-406F-4893-BBBC-116CD6280742}.Debug|Any CPU.Build.0 = Debug|Any CPU
		{FE193979-406F-4893-BBBC-116CD6280742}.Release|Any CPU.ActiveCfg = Release|Any CPU
		{FE193979-406F-4893-BBBC-116CD6280742}.Release|Any CPU.Build.0 = Release|Any CPU
		{9FF0AF2A-6949-46D9-8C6F-BCBCCE5EDF2A}.Debug|Any CPU.ActiveCfg = Debug|Any CPU
		{9FF0AF2A-6949-46D9-8C6F-BCBCCE5EDF2A}.Debug|Any CPU.Build.0 = Debug|Any CPU
		{9FF0AF2A-6949-46D9-8C6F-BCBCCE5EDF2A}.Release|Any CPU.ActiveCfg = Release|Any CPU
		{9FF0AF2A-6949-46D9-8C6F-BCBCCE5EDF2A}.Release|Any CPU.Build.0 = Release|Any CPU
		{E001E6B1-CCB4-4910-8F1F-D45C7AD25694}.Debug|Any CPU.ActiveCfg = Debug|Any CPU
		{E001E6B1-CCB4-4910-8F1F-D45C7AD25694}.Debug|Any CPU.Build.0 = Debug|Any CPU
		{E001E6B1-CCB4-4910-8F1F-D45C7AD25694}.Release|Any CPU.ActiveCfg = Release|Any CPU
		{E001E6B1-CCB4-4910-8F1F-D45C7AD25694}.Release|Any CPU.Build.0 = Release|Any CPU
		{A083F9AE-D61E-4A09-9A09-AC006AD21FFA}.Debug|Any CPU.ActiveCfg = Debug|Any CPU
		{A083F9AE-D61E-4A09-9A09-AC006AD21FFA}.Debug|Any CPU.Build.0 = Debug|Any CPU
		{A083F9AE-D61E-4A09-9A09-AC006AD21FFA}.Release|Any CPU.ActiveCfg = Release|Any CPU
		{A083F9AE-D61E-4A09-9A09-AC006AD21FFA}.Release|Any CPU.Build.0 = Release|Any CPU
		{1A709EFC-9184-409B-AC2A-AFD381F408DA}.Debug|Any CPU.ActiveCfg = Debug|Any CPU
		{1A709EFC-9184-409B-AC2A-AFD381F408DA}.Debug|Any CPU.Build.0 = Debug|Any CPU
		{1A709EFC-9184-409B-AC2A-AFD381F408DA}.Release|Any CPU.ActiveCfg = Release|Any CPU
		{1A709EFC-9184-409B-AC2A-AFD381F408DA}.Release|Any CPU.Build.0 = Release|Any CPU
		{DEE031D0-DE5F-4345-846E-6FF3D8D78637}.Debug|Any CPU.ActiveCfg = Debug|Any CPU
		{DEE031D0-DE5F-4345-846E-6FF3D8D78637}.Debug|Any CPU.Build.0 = Debug|Any CPU
		{DEE031D0-DE5F-4345-846E-6FF3D8D78637}.Release|Any CPU.ActiveCfg = Release|Any CPU
		{DEE031D0-DE5F-4345-846E-6FF3D8D78637}.Release|Any CPU.Build.0 = Release|Any CPU
		{EAACD911-5BEF-44DC-92CD-DC768F7317EE}.Debug|Any CPU.ActiveCfg = Debug|Any CPU
		{EAACD911-5BEF-44DC-92CD-DC768F7317EE}.Debug|Any CPU.Build.0 = Debug|Any CPU
		{EAACD911-5BEF-44DC-92CD-DC768F7317EE}.Release|Any CPU.ActiveCfg = Release|Any CPU
		{EAACD911-5BEF-44DC-92CD-DC768F7317EE}.Release|Any CPU.Build.0 = Release|Any CPU
		{2F847D2E-13F9-4A49-9BAC-534CA42169D0}.Debug|Any CPU.ActiveCfg = Debug|Any CPU
		{2F847D2E-13F9-4A49-9BAC-534CA42169D0}.Debug|Any CPU.Build.0 = Debug|Any CPU
		{2F847D2E-13F9-4A49-9BAC-534CA42169D0}.Release|Any CPU.ActiveCfg = Release|Any CPU
		{2F847D2E-13F9-4A49-9BAC-534CA42169D0}.Release|Any CPU.Build.0 = Release|Any CPU
		{1620531A-D4FC-4652-A1B6-056F9ED32B69}.Debug|Any CPU.ActiveCfg = Debug|Any CPU
		{1620531A-D4FC-4652-A1B6-056F9ED32B69}.Debug|Any CPU.Build.0 = Debug|Any CPU
		{1620531A-D4FC-4652-A1B6-056F9ED32B69}.Release|Any CPU.ActiveCfg = Release|Any CPU
		{1620531A-D4FC-4652-A1B6-056F9ED32B69}.Release|Any CPU.Build.0 = Release|Any CPU
	EndGlobalSection
EndGlobal
